hash: 38c93e7b3d5c6ab5485aac36f3815ac679173ddc0a0913cc030afca544e90e25
updated: 2017-02-02T14:59:58.935902046-07:00
imports:
- name: github.com/cloudfoundry/noaa
  version: 9e087230f2fedf46641976e14cbc41fe6a2bbec8
  subpackages:
  - consumer
  - consumer/internal
  - errors
- name: github.com/cloudfoundry/sonde-go
  version: 78019103037ae46207993c8816e970d85bf1a9e4
  subpackages:
  - events
- name: github.com/gogo/protobuf
  version: fb8a359905af6e2b6517cccda0ba25915322ee88
  subpackages:
  - gogoproto
  - proto
  - protoc-gen-gogo/descriptor
- name: github.com/gorilla/websocket
  version: c36f2fe5c330f0ac404b616b96c438b8616b1aaf
testImports:
- name: github.com/onsi/ginkgo
  version: bb93381d543b0e5725244abe752214a110791d01
  subpackages:
  - config
  - internal/codelocation
  - internal/containernode
  - internal/failer
  - internal/leafnodes
  - internal/remote
  - internal/spec
  - internal/specrunner
  - internal/suite
  - internal/testingtproxy
  - internal/writer
  - reporters
  - reporters/stenographer
  - reporters/stenographer/support/go-colorable
  - reporters/stenographer/support/go-isatty
  - types
- name: github.com/onsi/gomega
  version: e85f63af4302dc0e4277c6008ecf803f1d80e4f0
  subpackages:
  - format
  - internal/assertion
  - internal/asyncassertion
  - internal/oraclematcher
  - internal/testingtsupport
  - matchers
  - matchers/support/goraph/bipartitegraph
  - matchers/support/goraph/edge
  - matchers/support/goraph/node
  - matchers/support/goraph/util
  - types
- name: golang.org/x/sys
  version: 7a6e5648d140666db5d920909e082ca00a87ba2c
  subpackages:
  - unix
- name: gopkg.in/yaml.v2
  version: 4c78c975fe7c825c6d1466c42be594d1d6f3aba6
